
Microsoft Visual Studio Solution File, Format Version 12.00
# Visual Studio Version 16
VisualStudioVersion = 16.0.29411.108
MinimumVisualStudioVersion = 10.0.40219.1
Project("{9A19103F-16F7-4668-BE54-9A1E7A4F7556}") = "DatabaseConsole", "DatabaseConsole\DatabaseConsole.csproj", "{270B09BC-9436-4976-AF31-E19E7E54011A}"
EndProject
Project("{FAE04EC0-301F-11D3-BF4B-00C04F79EFBC}") = "HtmlDemo", "HtmlDemo\HtmlDemo.csproj", "{C33BCF1A-DBAA-466A-B572-A48EA6FEA1C1}"
EndProject
Project("{FAE04EC0-301F-11D3-BF4B-00C04F79EFBC}") = "HtmlDemo2", "HtmlDemo2\HtmlDemo2.csproj", "{8201E360-45A9-4FE8-BA63-70F11F26684B}"
EndProject
Project("{FAE04EC0-301F-11D3-BF4B-00C04F79EFBC}") = "Personal Website", "Personal Website\Personal Website.csproj", "{EB68ACAC-B8A1-4392-8695-D26A8A16E5A6}"
EndProject
Global
	GlobalSection(SolutionConfigurationPlatforms) = preSolution
		Debug|Any CPU = Debug|Any CPU
		Release|Any CPU = Release|Any CPU
	EndGlobalSection
	GlobalSection(ProjectConfigurationPlatforms) = postSolution
		{270B09BC-9436-4976-AF31-E19E7E54011A}.Debug|Any CPU.ActiveCfg = Debug|Any CPU
		{270B09BC-9436-4976-AF31-E19E7E54011A}.Debug|Any CPU.Build.0 = Debug|Any CPU
		{270B09BC-9436-4976-AF31-E19E7E54011A}.Release|Any CPU.ActiveCfg = Release|Any CPU
		{270B09BC-9436-4976-AF31-E19E7E54011A}.Release|Any CPU.Build.0 = Release|Any CPU
		{C33BCF1A-DBAA-466A-B572-A48EA6FEA1C1}.Debug|Any CPU.ActiveCfg = Debug|Any CPU
		{C33BCF1A-DBAA-466A-B572-A48EA6FEA1C1}.Debug|Any CPU.Build.0 = Debug|Any CPU
		{C33BCF1A-DBAA-466A-B572-A48EA6FEA1C1}.Release|Any CPU.ActiveCfg = Release|Any CPU
		{C33BCF1A-DBAA-466A-B572-A48EA6FEA1C1}.Release|Any CPU.Build.0 = Release|Any CPU
		{8201E360-45A9-4FE8-BA63-70F11F26684B}.Debug|Any CPU.ActiveCfg = Debug|Any CPU
		{8201E360-45A9-4FE8-BA63-70F11F26684B}.Debug|Any CPU.Build.0 = Debug|Any CPU
		{8201E360-45A9-4FE8-BA63-70F11F26684B}.Release|Any CPU.ActiveCfg = Release|Any CPU
		{8201E360-45A9-4FE8-BA63-70F11F26684B}.Release|Any CPU.Build.0 = Release|Any CPU
		{EB68ACAC-B8A1-4392-8695-D26A8A16E5A6}.Debug|Any CPU.ActiveCfg = Debug|Any CPU
		{EB68ACAC-B8A1-4392-8695-D26A8A16E5A6}.Debug|Any CPU.Build.0 = Debug|Any CPU
		{EB68ACAC-B8A1-4392-8695-D26A8A16E5A6}.Release|Any CPU.ActiveCfg = Release|Any CPU
		{EB68ACAC-B8A1-4392-8695-D26A8A16E5A6}.Release|Any CPU.Build.0 = Release|Any CPU
	EndGlobalSection
	GlobalSection(SolutionProperties) = preSolution
		HideSolutionNode = FALSE
	EndGlobalSection
	GlobalSection(ExtensibilityGlobals) = postSolution
		SolutionGuid = {5FA8A230-9127-454F-AEC8-A73EFC3851F3}
	EndGlobalSection
EndGlobal
